
Microsoft Visual Studio Solution File, Format Version 12.00
# Visual Studio Version 17
VisualStudioVersion = 17.5.002.0
MinimumVisualStudioVersion = 10.0.40219.1
Project("{9A19103F-16F7-4668-BE54-9A1E7A4F7556}") = "Anikin", "Anikin.csproj", "{7697F726-F939-4ED4-B3C5-C16396CB9491}"
EndProject
Global
	GlobalSection(SolutionConfigurationPlatforms) = preSolution
		Debug|Any CPU = Debug|Any CPU
		Release|Any CPU = Release|Any CPU
	EndGlobalSection
	GlobalSection(ProjectConfigurationPlatforms) = postSolution
		{7697F726-F939-4ED4-B3C5-C16396CB9491}.Debug|Any CPU.ActiveCfg = Debug|Any CPU
		{7697F726-F939-4ED4-B3C5-C16396CB9491}.Debug|Any CPU.Build.0 = Debug|Any CPU
		{7697F726-F939-4ED4-B3C5-C16396CB9491}.Release|Any CPU.ActiveCfg = Release|Any CPU
		{7697F726-F939-4ED4-B3C5-C16396CB9491}.Release|Any CPU.Build.0 = Release|Any CPU
	EndGlobalSection
	GlobalSection(SolutionProperties) = preSolution
		HideSolutionNode = FALSE
	EndGlobalSection
	GlobalSection(ExtensibilityGlobals) = postSolution
		SolutionGuid = {835E4621-FC6E-411F-8EC5-EF61F9EC988F}
	EndGlobalSection
EndGlobal
